
Microsoft Visual Studio Solution File, Format Version 12.00
# Visual Studio Version 16
VisualStudioVersion = 16.0.29209.62
MinimumVisualStudioVersion = 10.0.40219.1
Project("{8BC9CEB8-8B4A-11D0-8D11-00A0C91BC942}") = "SimpleMCMain1", "Project1\Project1.vcxproj", "{F1111038-9F44-43F2-B51D-F9E6AF5237C5}"
EndProject
Project("{8BC9CEB8-8B4A-11D0-8D11-00A0C91BC942}") = "Chapter 2 Encapsulation", "Chapter 2 Encapsulation\Chapter 2 Encapsulation.vcxproj", "{572F51C4-1856-45B6-8767-CAF23786B156}"
EndProject
Project("{8BC9CEB8-8B4A-11D0-8D11-00A0C91BC942}") = "Chapter 3 Part 1", "Chapter 3 Part 1\Chapter 3 Part 1.vcxproj", "{7724E467-AA4A-4724-A631-71A568C217A6}"
EndProject
Project("{8BC9CEB8-8B4A-11D0-8D11-00A0C91BC942}") = "FinanceStaticLib", "FinanceStaticLib\FinanceStaticLib.vcxproj", "{EE5B7113-AA9D-442E-9EBD-7E3AFD961CD3}"
EndProject
Project("{8BC9CEB8-8B4A-11D0-8D11-00A0C91BC942}") = "SimpleMCMain4", "SimpleMCMain4\SimpleMCMain4.vcxproj", "{3172848B-3AE1-453C-AB82-3EC73BDFDB59}"
EndProject
Project("{8BC9CEB8-8B4A-11D0-8D11-00A0C91BC942}") = "VanillaMain1", "VanillaMain1\VanillaMain1.vcxproj", "{415436A7-5CBA-48FA-A0D9-07EE064F82DF}"
EndProject
Project("{8BC9CEB8-8B4A-11D0-8D11-00A0C91BC942}") = "VanillaMain2", "VanillaMain2\VanillaMain2.vcxproj", "{84E74248-9093-483E-B1D7-DF775E44A04D}"
EndProject
Project("{8BC9CEB8-8B4A-11D0-8D11-00A0C91BC942}") = "VanillaMain4", "VanillaMain4\VanillaMain4.vcxproj", "{AF8FDD3A-8D3A-4949-B513-8DF4D14CB305}"
EndProject
Project("{8BC9CEB8-8B4A-11D0-8D11-00A0C91BC942}") = "StatsMain1", "StatsMain1\StatsMain1.vcxproj", "{2699AC6E-2A08-4528-A18C-67C619F5E8BC}"
EndProject
Project("{8BC9CEB8-8B4A-11D0-8D11-00A0C91BC942}") = "StatsMain2", "StatsMain2\StatsMain2.vcxproj", "{F1D23E35-3363-4222-A868-B6075C5F4694}"
EndProject
Project("{8BC9CEB8-8B4A-11D0-8D11-00A0C91BC942}") = "RandomMain3", "RandomMain3\RandomMain3.vcxproj", "{915A043F-3E54-4AD2-AD8E-E1322E60A757}"
EndProject
Project("{8BC9CEB8-8B4A-11D0-8D11-00A0C91BC942}") = "EquityFXMain", "EquityFXMain\EquityFXMain.vcxproj", "{F6FF50A3-B713-4B51-B7B4-43A824B402BF}"
EndProject
Global
	GlobalSection(SolutionConfigurationPlatforms) = preSolution
		Debug|x64 = Debug|x64
		Debug|x86 = Debug|x86
		Release|x64 = Release|x64
		Release|x86 = Release|x86
	EndGlobalSection
	GlobalSection(ProjectConfigurationPlatforms) = postSolution
		{F1111038-9F44-43F2-B51D-F9E6AF5237C5}.Debug|x64.ActiveCfg = Debug|x64
		{F1111038-9F44-43F2-B51D-F9E6AF5237C5}.Debug|x64.Build.0 = Debug|x64
		{F1111038-9F44-43F2-B51D-F9E6AF5237C5}.Debug|x86.ActiveCfg = Debug|Win32
		{F1111038-9F44-43F2-B51D-F9E6AF5237C5}.Debug|x86.Build.0 = Debug|Win32
		{F1111038-9F44-43F2-B51D-F9E6AF5237C5}.Release|x64.ActiveCfg = Release|x64
		{F1111038-9F44-43F2-B51D-F9E6AF5237C5}.Release|x64.Build.0 = Release|x64
		{F1111038-9F44-43F2-B51D-F9E6AF5237C5}.Release|x86.ActiveCfg = Release|Win32
		{F1111038-9F44-43F2-B51D-F9E6AF5237C5}.Release|x86.Build.0 = Release|Win32
		{572F51C4-1856-45B6-8767-CAF23786B156}.Debug|x64.ActiveCfg = Debug|x64
		{572F51C4-1856-45B6-8767-CAF23786B156}.Debug|x64.Build.0 = Debug|x64
		{572F51C4-1856-45B6-8767-CAF23786B156}.Debug|x86.ActiveCfg = Debug|Win32
		{572F51C4-1856-45B6-8767-CAF23786B156}.Debug|x86.Build.0 = Debug|Win32
		{572F51C4-1856-45B6-8767-CAF23786B156}.Release|x64.ActiveCfg = Release|x64
		{572F51C4-1856-45B6-8767-CAF23786B156}.Release|x64.Build.0 = Release|x64
		{572F51C4-1856-45B6-8767-CAF23786B156}.Release|x86.ActiveCfg = Release|Win32
		{572F51C4-1856-45B6-8767-CAF23786B156}.Release|x86.Build.0 = Release|Win32
		{7724E467-AA4A-4724-A631-71A568C217A6}.Debug|x64.ActiveCfg = Debug|x64
		{7724E467-AA4A-4724-A631-71A568C217A6}.Debug|x64.Build.0 = Debug|x64
		{7724E467-AA4A-4724-A631-71A568C217A6}.Debug|x86.ActiveCfg = Debug|Win32
		{7724E467-AA4A-4724-A631-71A568C217A6}.Debug|x86.Build.0 = Debug|Win32
		{7724E467-AA4A-4724-A631-71A568C217A6}.Release|x64.ActiveCfg = Release|x64
		{7724E467-AA4A-4724-A631-71A568C217A6}.Release|x64.Build.0 = Release|x64
		{7724E467-AA4A-4724-A631-71A568C217A6}.Release|x86.ActiveCfg = Release|Win32
		{7724E467-AA4A-4724-A631-71A568C217A6}.Release|x86.Build.0 = Release|Win32
		{EE5B7113-AA9D-442E-9EBD-7E3AFD961CD3}.Debug|x64.ActiveCfg = Debug|x64
		{EE5B7113-AA9D-442E-9EBD-7E3AFD961CD3}.Debug|x64.Build.0 = Debug|x64
		{EE5B7113-AA9D-442E-9EBD-7E3AFD961CD3}.Debug|x86.ActiveCfg = Debug|Win32
		{EE5B7113-AA9D-442E-9EBD-7E3AFD961CD3}.Debug|x86.Build.0 = Debug|Win32
		{EE5B7113-AA9D-442E-9EBD-7E3AFD961CD3}.Release|x64.ActiveCfg = Release|x64
		{EE5B7113-AA9D-442E-9EBD-7E3AFD961CD3}.Release|x64.Build.0 = Release|x64
		{EE5B7113-AA9D-442E-9EBD-7E3AFD961CD3}.Release|x86.ActiveCfg = Release|Win32
		{EE5B7113-AA9D-442E-9EBD-7E3AFD961CD3}.Release|x86.Build.0 = Release|Win32
		{3172848B-3AE1-453C-AB82-3EC73BDFDB59}.Debug|x64.ActiveCfg = Debug|x64
		{3172848B-3AE1-453C-AB82-3EC73BDFDB59}.Debug|x64.Build.0 = Debug|x64
		{3172848B-3AE1-453C-AB82-3EC73BDFDB59}.Debug|x86.ActiveCfg = Debug|Win32
		{3172848B-3AE1-453C-AB82-3EC73BDFDB59}.Debug|x86.Build.0 = Debug|Win32
		{3172848B-3AE1-453C-AB82-3EC73BDFDB59}.Release|x64.ActiveCfg = Release|x64
		{3172848B-3AE1-453C-AB82-3EC73BDFDB59}.Release|x64.Build.0 = Release|x64
		{3172848B-3AE1-453C-AB82-3EC73BDFDB59}.Release|x86.ActiveCfg = Release|Win32
		{3172848B-3AE1-453C-AB82-3EC73BDFDB59}.Release|x86.Build.0 = Release|Win32
		{415436A7-5CBA-48FA-A0D9-07EE064F82DF}.Debug|x64.ActiveCfg = Debug|x64
		{415436A7-5CBA-48FA-A0D9-07EE064F82DF}.Debug|x64.Build.0 = Debug|x64
		{415436A7-5CBA-48FA-A0D9-07EE064F82DF}.Debug|x86.ActiveCfg = Debug|Win32
		{415436A7-5CBA-48FA-A0D9-07EE064F82DF}.Debug|x86.Build.0 = Debug|Win32
		{415436A7-5CBA-48FA-A0D9-07EE064F82DF}.Release|x64.ActiveCfg = Release|x64
		{415436A7-5CBA-48FA-A0D9-07EE064F82DF}.Release|x64.Build.0 = Release|x64
		{415436A7-5CBA-48FA-A0D9-07EE064F82DF}.Release|x86.ActiveCfg = Release|Win32
		{415436A7-5CBA-48FA-A0D9-07EE064F82DF}.Release|x86.Build.0 = Release|Win32
		{84E74248-9093-483E-B1D7-DF775E44A04D}.Debug|x64.ActiveCfg = Debug|x64
		{84E74248-9093-483E-B1D7-DF775E44A04D}.Debug|x64.Build.0 = Debug|x64
		{84E74248-9093-483E-B1D7-DF775E44A04D}.Debug|x86.ActiveCfg = Debug|Win32
		{84E74248-9093-483E-B1D7-DF775E44A04D}.Debug|x86.Build.0 = Debug|Win32
		{84E74248-9093-483E-B1D7-DF775E44A04D}.Release|x64.ActiveCfg = Release|x64
		{84E74248-9093-483E-B1D7-DF775E44A04D}.Release|x64.Build.0 = Release|x64
		{84E74248-9093-483E-B1D7-DF775E44A04D}.Release|x86.ActiveCfg = Release|Win32
		{84E74248-9093-483E-B1D7-DF775E44A04D}.Release|x86.Build.0 = Release|Win32
		{AF8FDD3A-8D3A-4949-B513-8DF4D14CB305}.Debug|x64.ActiveCfg = Debug|x64
		{AF8FDD3A-8D3A-4949-B513-8DF4D14CB305}.Debug|x64.Build.0 = Debug|x64
		{AF8FDD3A-8D3A-4949-B513-8DF4D14CB305}.Debug|x86.ActiveCfg = Debug|Win32
		{AF8FDD3A-8D3A-4949-B513-8DF4D14CB305}.Debug|x86.Build.0 = Debug|Win32
		{AF8FDD3A-8D3A-4949-B513-8DF4D14CB305}.Release|x64.ActiveCfg = Release|x64
		{AF8FDD3A-8D3A-4949-B513-8DF4D14CB305}.Release|x64.Build.0 = Release|x64
		{AF8FDD3A-8D3A-4949-B513-8DF4D14CB305}.Release|x86.ActiveCfg = Release|Win32
		{AF8FDD3A-8D3A-4949-B513-8DF4D14CB305}.Release|x86.Build.0 = Release|Win32
		{2699AC6E-2A08-4528-A18C-67C619F5E8BC}.Debug|x64.ActiveCfg = Debug|x64
		{2699AC6E-2A08-4528-A18C-67C619F5E8BC}.Debug|x64.Build.0 = Debug|x64
		{2699AC6E-2A08-4528-A18C-67C619F5E8BC}.Debug|x86.ActiveCfg = Debug|Win32
		{2699AC6E-2A08-4528-A18C-67C619F5E8BC}.Debug|x86.Build.0 = Debug|Win32
		{2699AC6E-2A08-4528-A18C-67C619F5E8BC}.Release|x64.ActiveCfg = Release|x64
		{2699AC6E-2A08-4528-A18C-67C619F5E8BC}.Release|x64.Build.0 = Release|x64
		{2699AC6E-2A08-4528-A18C-67C619F5E8BC}.Release|x86.ActiveCfg = Release|Win32
		{2699AC6E-2A08-4528-A18C-67C619F5E8BC}.Release|x86.Build.0 = Release|Win32
		{F1D23E35-3363-4222-A868-B6075C5F4694}.Debug|x64.ActiveCfg = Debug|x64
		{F1D23E35-3363-4222-A868-B6075C5F4694}.Debug|x64.Build.0 = Debug|x64
		{F1D23E35-3363-4222-A868-B6075C5F4694}.Debug|x86.ActiveCfg = Debug|Win32
		{F1D23E35-3363-4222-A868-B6075C5F4694}.Debug|x86.Build.0 = Debug|Win32
		{F1D23E35-3363-4222-A868-B6075C5F4694}.Release|x64.ActiveCfg = Release|x64
		{F1D23E35-3363-4222-A868-B6075C5F4694}.Release|x64.Build.0 = Release|x64
		{F1D23E35-3363-4222-A868-B6075C5F4694}.Release|x86.ActiveCfg = Release|Win32
		{F1D23E35-3363-4222-A868-B6075C5F4694}.Release|x86.Build.0 = Release|Win32
		{915A043F-3E54-4AD2-AD8E-E1322E60A757}.Debug|x64.ActiveCfg = Debug|x64
		{915A043F-3E54-4AD2-AD8E-E1322E60A757}.Debug|x64.Build.0 = Debug|x64
		{915A043F-3E54-4AD2-AD8E-E1322E60A757}.Debug|x86.ActiveCfg = Debug|Win32
		{915A043F-3E54-4AD2-AD8E-E1322E60A757}.Debug|x86.Build.0 = Debug|Win32
		{915A043F-3E54-4AD2-AD8E-E1322E60A757}.Release|x64.ActiveCfg = Release|x64
		{915A043F-3E54-4AD2-AD8E-E1322E60A757}.Release|x64.Build.0 = Release|x64
		{915A043F-3E54-4AD2-AD8E-E1322E60A757}.Release|x86.ActiveCfg = Release|Win32
		{915A043F-3E54-4AD2-AD8E-E1322E60A757}.Release|x86.Build.0 = Release|Win32
		{F6FF50A3-B713-4B51-B7B4-43A824B402BF}.Debug|x64.ActiveCfg = Debug|x64
		{F6FF50A3-B713-4B51-B7B4-43A824B402BF}.Debug|x64.Build.0 = Debug|x64
		{F6FF50A3-B713-4B51-B7B4-43A824B402BF}.Debug|x86.ActiveCfg = Debug|Win32
		{F6FF50A3-B713-4B51-B7B4-43A824B402BF}.Debug|x86.Build.0 = Debug|Win32
		{F6FF50A3-B713-4B51-B7B4-43A824B402BF}.Release|x64.ActiveCfg = Release|x64
		{F6FF50A3-B713-4B51-B7B4-43A824B402BF}.Release|x64.Build.0 = Release|x64
		{F6FF50A3-B713-4B51-B7B4-43A824B402BF}.Release|x86.ActiveCfg = Release|Win32
		{F6FF50A3-B713-4B51-B7B4-43A824B402BF}.Release|x86.Build.0 = Release|Win32
	EndGlobalSection
	GlobalSection(SolutionProperties) = preSolution
		HideSolutionNode = FALSE
	EndGlobalSection
	GlobalSection(ExtensibilityGlobals) = postSolution
		SolutionGuid = {02B12DF1-605F-40FE-9701-844C7B9D6598}
	EndGlobalSection
EndGlobal
