
Microsoft Visual Studio Solution File, Format Version 12.00
# Visual Studio Version 16
VisualStudioVersion = 16.0.29209.62
MinimumVisualStudioVersion = 10.0.40219.1
Project("{8BC9CEB8-8B4A-11D0-8D11-00A0C91BC942}") = "SimpleMCMain1", "Project1\Project1.vcxproj", "{F1111038-9F44-43F2-B51D-F9E6AF5237C5}"
EndProject
Global
	GlobalSection(SolutionConfigurationPlatforms) = preSolution
		Debug|x64 = Debug|x64
		Debug|x86 = Debug|x86
		Release|x64 = Release|x64
		Release|x86 = Release|x86
	EndGlobalSection
	GlobalSection(ProjectConfigurationPlatforms) = postSolution
		{F1111038-9F44-43F2-B51D-F9E6AF5237C5}.Debug|x64.ActiveCfg = Debug|x64
		{F1111038-9F44-43F2-B51D-F9E6AF5237C5}.Debug|x64.Build.0 = Debug|x64
		{F1111038-9F44-43F2-B51D-F9E6AF5237C5}.Debug|x86.ActiveCfg = Debug|Win32
		{F1111038-9F44-43F2-B51D-F9E6AF5237C5}.Debug|x86.Build.0 = Debug|Win32
		{F1111038-9F44-43F2-B51D-F9E6AF5237C5}.Release|x64.ActiveCfg = Release|x64
		{F1111038-9F44-43F2-B51D-F9E6AF5237C5}.Release|x64.Build.0 = Release|x64
		{F1111038-9F44-43F2-B51D-F9E6AF5237C5}.Release|x86.ActiveCfg = Release|Win32
		{F1111038-9F44-43F2-B51D-F9E6AF5237C5}.Release|x86.Build.0 = Release|Win32
	EndGlobalSection
	GlobalSection(SolutionProperties) = preSolution
		HideSolutionNode = FALSE
	EndGlobalSection
	GlobalSection(ExtensibilityGlobals) = postSolution
		SolutionGuid = {02B12DF1-605F-40FE-9701-844C7B9D6598}
	EndGlobalSection
EndGlobal
